
Microsoft Visual Studio Solution File, Format Version 12.00
# Visual Studio Version 17
VisualStudioVersion = 17.1.32319.34
MinimumVisualStudioVersion = 10.0.40219.1
Project("{FAE04EC0-301F-11D3-BF4B-00C04F79EFBC}") = "Data Storing App", "Data Storing App.csproj", "{95FF58C3-0210-4B53-A5CF-F0F7D9FF6B41}"
EndProject
Project("{54435603-DBB4-11D2-8724-00A0C9A8B90C}") = "Data Store App Install", "..\Data Store App Install\Data Store App Install.vdproj", "{BCED9D18-1368-4D34-800E-6B60F5D3170D}"
EndProject
Global
	GlobalSection(SolutionConfigurationPlatforms) = preSolution
		Debug|Any CPU = Debug|Any CPU
		Release|Any CPU = Release|Any CPU
	EndGlobalSection
	GlobalSection(ProjectConfigurationPlatforms) = postSolution
		{95FF58C3-0210-4B53-A5CF-F0F7D9FF6B41}.Debug|Any CPU.ActiveCfg = Debug|Any CPU
		{95FF58C3-0210-4B53-A5CF-F0F7D9FF6B41}.Debug|Any CPU.Build.0 = Debug|Any CPU
		{95FF58C3-0210-4B53-A5CF-F0F7D9FF6B41}.Release|Any CPU.ActiveCfg = Release|Any CPU
		{95FF58C3-0210-4B53-A5CF-F0F7D9FF6B41}.Release|Any CPU.Build.0 = Release|Any CPU
		{BCED9D18-1368-4D34-800E-6B60F5D3170D}.Debug|Any CPU.ActiveCfg = Debug
		{BCED9D18-1368-4D34-800E-6B60F5D3170D}.Release|Any CPU.ActiveCfg = Release
	EndGlobalSection
	GlobalSection(SolutionProperties) = preSolution
		HideSolutionNode = FALSE
	EndGlobalSection
	GlobalSection(ExtensibilityGlobals) = postSolution
		SolutionGuid = {63D4F8B3-1C58-4BEF-A6A7-D5E1DBCCE718}
	EndGlobalSection
EndGlobal
